// !$*UTF8*$!
{
	archiveVersion = 1;
	classes = {
	};
	objectVersion = 46;
	objects = {

/* Begin PBXBuildFile section */
		A5A760081CF227EA000B14EC /* AppDelegate.swift in Sources */ = {isa = PBXBuildFile; fileRef = A5A760071CF227EA000B14EC /* AppDelegate.swift */; };
		A5A7600A1CF227EA000B14EC /* ViewController.swift in Sources */ = {isa = PBXBuildFile; fileRef = A5A760091CF227EA000B14EC /* ViewController.swift */; };
		A5A7600D1CF227EA000B14EC /* Main.storyboard in Resources */ = {isa = PBXBuildFile; fileRef = A5A7600B1CF227EA000B14EC /* Main.storyboard */; };
		A5A7600F1CF227EA000B14EC /* Assets.xcassets in Resources */ = {isa = PBXBuildFile; fileRef = A5A7600E1CF227EA000B14EC /* Assets.xcassets */; };
		A5A760121CF227EA000B14EC /* LaunchScreen.storyboard in Resources */ = {isa = PBXBuildFile; fileRef = A5A760101CF227EA000B14EC /* LaunchScreen.storyboard */; };
		A5A7601D1CF227EA000B14EC /* XPKitDemoTests.swift in Sources */ = {isa = PBXBuildFile; fileRef = A5A7601C1CF227EA000B14EC /* XPKitDemoTests.swift */; };
		A5A760281CF227EA000B14EC /* XPKitDemoUITests.swift in Sources */ = {isa = PBXBuildFile; fileRef = A5A760271CF227EA000B14EC /* XPKitDemoUITests.swift */; };
/* End PBXBuildFile section */

/* Begin PBXContainerItemProxy section */
		A5A760191CF227EA000B14EC /* PBXContainerItemProxy */ = {
			isa = PBXContainerItemProxy;
			containerPortal = A5A75FFC1CF227EA000B14EC /* Project object */;
			proxyType = 1;
			remoteGlobalIDString = A5A760031CF227EA000B14EC;
			remoteInfo = XPKitDemo;
		};
		A5A760241CF227EA000B14EC /* PBXContainerItemProxy */ = {
			isa = PBXContainerItemProxy;
			containerPortal = A5A75FFC1CF227EA000B14EC /* Project object */;
			proxyType = 1;
			remoteGlobalIDString = A5A760031CF227EA000B14EC;
			remoteInfo = XPKitDemo;
		};
/* End PBXContainerItemProxy section */

/* Begin PBXFileReference section */
		A5A760041CF227EA000B14EC /* XPKitDemo.app */ = {isa = PBXFileReference; explicitFileType = wrapper.application; includeInIndex = 0; path = XPKitDemo.app; sourceTree = BUILT_PRODUCTS_DIR; };
		A5A760071CF227EA000B14EC /* AppDelegate.swift */ = {isa = PBXFileReference; lastKnownFileType = sourcecode.swift; path = AppDelegate.swift; sourceTree = "<group>"; };
		A5A760091CF227EA000B14EC /* ViewController.swift */ = {isa = PBXFileReference; lastKnownFileType = sourcecode.swift; path = ViewController.swift; sourceTree = "<group>"; };
		A5A7600C1CF227EA000B14EC /* Base */ = {isa = PBXFileReference; lastKnownFileType = file.storyboard; name = Base; path = Base.lproj/Main.storyboard; sourceTree = "<group>"; };
		A5A7600E1CF227EA000B14EC /* Assets.xcassets */ = {isa = PBXFileReference; lastKnownFileType = folder.assetcatalog; path = Assets.xcassets; sourceTree = "<group>"; };
		A5A760111CF227EA000B14EC /* Base */ = {isa = PBXFileReference; lastKnownFileType = file.storyboard; name = Base; path = Base.lproj/LaunchScreen.storyboard; sourceTree = "<group>"; };
		A5A760131CF227EA000B14EC /* Info.plist */ = {isa = PBXFileReference; lastKnownFileType = text.plist.xml; path = Info.plist; sourceTree = "<group>"; };
		A5A760181CF227EA000B14EC /* XPKitDemoTests.xctest */ = {isa = PBXFileReference; explicitFileType = wrapper.cfbundle; includeInIndex = 0; path = XPKitDemoTests.xctest; sourceTree = BUILT_PRODUCTS_DIR; };
		A5A7601C1CF227EA000B14EC /* XPKitDemoTests.swift */ = {isa = PBXFileReference; lastKnownFileType = sourcecode.swift; path = XPKitDemoTests.swift; sourceTree = "<group>"; };
		A5A7601E1CF227EA000B14EC /* Info.plist */ = {isa = PBXFileReference; lastKnownFileType = text.plist.xml; path = Info.plist; sourceTree = "<group>"; };
		A5A760231CF227EA000B14EC /* XPKitDemoUITests.xctest */ = {isa = PBXFileReference; explicitFileType = wrapper.cfbundle; includeInIndex = 0; path = XPKitDemoUITests.xctest; sourceTree = BUILT_PRODUCTS_DIR; };
		A5A760271CF227EA000B14EC /* XPKitDemoUITests.swift */ = {isa = PBXFileReference; lastKnownFileType = sourcecode.swift; path = XPKitDemoUITests.swift; sourceTree = "<group>"; };
		A5A760291CF227EA000B14EC /* Info.plist */ = {isa = PBXFileReference; lastKnownFileType = text.plist.xml; path = Info.plist; sourceTree = "<group>"; };
/* End PBXFileReference section */

/* Begin PBXFrameworksBuildPhase section */
		A5A760011CF227EA000B14EC /* Frameworks */ = {
			isa = PBXFrameworksBuildPhase;
			buildActionMask = 2147483647;
			files = (
			);
			runOnlyForDeploymentPostprocessing = 0;
		};
		A5A760151CF227EA000B14EC /* Frameworks */ = {
			isa = PBXFrameworksBuildPhase;
			buildActionMask = 2147483647;
			files = (
			);
			runOnlyForDeploymentPostprocessing = 0;
		};
		A5A760201CF227EA000B14EC /* Frameworks */ = {
			isa = PBXFrameworksBuildPhase;
			buildActionMask = 2147483647;
			files = (
			);
			runOnlyForDeploymentPostprocessing = 0;
		};
/* End PBXFrameworksBuildPhase section */

/* Begin PBXGroup section */
		A5A75FFB1CF227EA000B14EC = {
			isa = PBXGroup;
			children = (
				A5A760061CF227EA000B14EC /* XPKitDemo */,
				A5A7601B1CF227EA000B14EC /* XPKitDemoTests */,
				A5A760261CF227EA000B14EC /* XPKitDemoUITests */,
				A5A760051CF227EA000B14EC /* Products */,
			);
			sourceTree = "<group>";
		};
		A5A760051CF227EA000B14EC /* Products */ = {
			isa = PBXGroup;
			children = (
				A5A760041CF227EA000B14EC /* XPKitDemo.app */,
				A5A760181CF227EA000B14EC /* XPKitDemoTests.xctest */,
				A5A760231CF227EA000B14EC /* XPKitDemoUITests.xctest */,
			);
			name = Products;
			sourceTree = "<group>";
		};
		A5A760061CF227EA000B14EC /* XPKitDemo */ = {
			isa = PBXGroup;
			children = (
				A5A760071CF227EA000B14EC /* AppDelegate.swift */,
				A5A760091CF227EA000B14EC /* ViewController.swift */,
				A5A7600B1CF227EA000B14EC /* Main.storyboard */,
				A5A7600E1CF227EA000B14EC /* Assets.xcassets */,
				A5A760101CF227EA000B14EC /* LaunchScreen.storyboard */,
				A5A760131CF227EA000B14EC /* Info.plist */,
			);
			path = XPKitDemo;
			sourceTree = "<group>";
		};
		A5A7601B1CF227EA000B14EC /* XPKitDemoTests */ = {
			isa = PBXGroup;
			children = (
				A5A7601C1CF227EA000B14EC /* XPKitDemoTests.swift */,
				A5A7601E1CF227EA000B14EC /* Info.plist */,
			);
			path = XPKitDemoTests;
			sourceTree = "<group>";
		};
		A5A760261CF227EA000B14EC /* XPKitDemoUITests */ = {
			isa = PBXGroup;
			children = (
				A5A760271CF227EA000B14EC /* XPKitDemoUITests.swift */,
				A5A760291CF227EA000B14EC /* Info.plist */,
			);
			path = XPKitDemoUITests;
			sourceTree = "<group>";
		};
/* End PBXGroup section */

/* Begin PBXNativeTarget section */
		A5A760031CF227EA000B14EC /* XPKitDemo */ = {
			isa = PBXNativeTarget;
			buildConfigurationList = A5A7602C1CF227EA000B14EC /* Build configuration list for PBXNativeTarget "XPKitDemo" */;
			buildPhases = (
				A5A760001CF227EA000B14EC /* Sources */,
				A5A760011CF227EA000B14EC /* Frameworks */,
				A5A760021CF227EA000B14EC /* Resources */,
			);
			buildRules = (
			);
			dependencies = (
			);
			name = XPKitDemo;
			productName = XPKitDemo;
			productReference = A5A760041CF227EA000B14EC /* XPKitDemo.app */;
			productType = "com.apple.product-type.application";
		};
		A5A760171CF227EA000B14EC /* XPKitDemoTests */ = {
			isa = PBXNativeTarget;
			buildConfigurationList = A5A7602F1CF227EA000B14EC /* Build configuration list for PBXNativeTarget "XPKitDemoTests" */;
			buildPhases = (
				A5A760141CF227EA000B14EC /* Sources */,
				A5A760151CF227EA000B14EC /* Frameworks */,
				A5A760161CF227EA000B14EC /* Resources */,
			);
			buildRules = (
			);
			dependencies = (
				A5A7601A1CF227EA000B14EC /* PBXTargetDependency */,
			);
			name = XPKitDemoTests;
			productName = XPKitDemoTests;
			productReference = A5A760181CF227EA000B14EC /* XPKitDemoTests.xctest */;
			productType = "com.apple.product-type.bundle.unit-test";
		};
		A5A760221CF227EA000B14EC /* XPKitDemoUITests */ = {
			isa = PBXNativeTarget;
			buildConfigurationList = A5A760321CF227EA000B14EC /* Build configuration list for PBXNativeTarget "XPKitDemoUITests" */;
			buildPhases = (
				A5A7601F1CF227EA000B14EC /* Sources */,
				A5A760201CF227EA000B14EC /* Frameworks */,
				A5A760211CF227EA000B14EC /* Resources */,
			);
			buildRules = (
			);
			dependencies = (
				A5A760251CF227EA000B14EC /* PBXTargetDependency */,
			);
			name = XPKitDemoUITests;
			productName = XPKitDemoUITests;
			productReference = A5A760231CF227EA000B14EC /* XPKitDemoUITests.xctest */;
			productType = "com.apple.product-type.bundle.ui-testing";
		};
/* End PBXNativeTarget section */

/* Begin PBXProject section */
		A5A75FFC1CF227EA000B14EC /* Project object */ = {
			isa = PBXProject;
			attributes = {
				LastSwiftUpdateCheck = 0730;
				LastUpgradeCheck = 0730;
				ORGANIZATIONNAME = huangxinping;
				TargetAttributes = {
					A5A760031CF227EA000B14EC = {
						CreatedOnToolsVersion = 7.3;
					};
					A5A760171CF227EA000B14EC = {
						CreatedOnToolsVersion = 7.3;
						TestTargetID = A5A760031CF227EA000B14EC;
					};
					A5A760221CF227EA000B14EC = {
						CreatedOnToolsVersion = 7.3;
						TestTargetID = A5A760031CF227EA000B14EC;
					};
				};
			};
			buildConfigurationList = A5A75FFF1CF227EA000B14EC /* Build configuration list for PBXProject "XPKitDemo" */;
			compatibilityVersion = "Xcode 3.2";
			developmentRegion = English;
			hasScannedForEncodings = 0;
			knownRegions = (
				en,
				Base,
			);
			mainGroup = A5A75FFB1CF227EA000B14EC;
			productRefGroup = A5A760051CF227EA000B14EC /* Products */;
			projectDirPath = "";
			projectRoot = "";
			targets = (
				A5A760031CF227EA000B14EC /* XPKitDemo */,
				A5A760171CF227EA000B14EC /* XPKitDemoTests */,
				A5A760221CF227EA000B14EC /* XPKitDemoUITests */,
			);
		};
/* End PBXProject section */

/* Begin PBXResourcesBuildPhase section */
		A5A760021CF227EA000B14EC /* Resources */ = {
			isa = PBXResourcesBuildPhase;
			buildActionMask = 2147483647;
			files = (
				A5A760121CF227EA000B14EC /* LaunchScreen.storyboard in Resources */,
				A5A7600F1CF227EA000B14EC /* Assets.xcassets in Resources */,
				A5A7600D1CF227EA000B14EC /* Main.storyboard in Resources */,
			);
			runOnlyForDeploymentPostprocessing = 0;
		};
		A5A760161CF227EA000B14EC /* Resources */ = {
			isa = PBXResourcesBuildPhase;
			buildActionMask = 2147483647;
			files = (
			);
			runOnlyForDeploymentPostprocessing = 0;
		};
		A5A760211CF227EA000B14EC /* Resources */ = {
			isa = PBXResourcesBuildPhase;
			buildActionMask = 2147483647;
			files = (
			);
			runOnlyForDeploymentPostprocessing = 0;
		};
/* End PBXResourcesBuildPhase section */

/* Begin PBXSourcesBuildPhase section */
		A5A760001CF227EA000B14EC /* Sources */ = {
			isa = PBXSourcesBuildPhase;
			buildActionMask = 2147483647;
			files = (
				A5A7600A1CF227EA000B14EC /* ViewController.swift in Sources */,
				A5A760081CF227EA000B14EC /* AppDelegate.swift in Sources */,
			);
			runOnlyForDeploymentPostprocessing = 0;
		};
		A5A760141CF227EA000B14EC /* Sources */ = {
			isa = PBXSourcesBuildPhase;
			buildActionMask = 2147483647;
			files = (
				A5A7601D1CF227EA000B14EC /* XPKitDemoTests.swift in Sources */,
			);
			runOnlyForDeploymentPostprocessing = 0;
		};
		A5A7601F1CF227EA000B14EC /* Sources */ = {
			isa = PBXSourcesBuildPhase;
			buildActionMask = 2147483647;
			files = (
				A5A760281CF227EA000B14EC /* XPKitDemoUITests.swift in Sources */,
			);
			runOnlyForDeploymentPostprocessing = 0;
		};
/* End PBXSourcesBuildPhase section */

/* Begin PBXTargetDependency section */
		A5A7601A1CF227EA000B14EC /* PBXTargetDependency */ = {
			isa = PBXTargetDependency;
			target = A5A760031CF227EA000B14EC /* XPKitDemo */;
			targetProxy = A5A760191CF227EA000B14EC /* PBXContainerItemProxy */;
		};
		A5A760251CF227EA000B14EC /* PBXTargetDependency */ = {
			isa = PBXTargetDependency;
			target = A5A760031CF227EA000B14EC /* XPKitDemo */;
			targetProxy = A5A760241CF227EA000B14EC /* PBXContainerItemProxy */;
		};
/* End PBXTargetDependency section */

/* Begin PBXVariantGroup section */
		A5A7600B1CF227EA000B14EC /* Main.storyboard */ = {
			isa = PBXVariantGroup;
			children = (
				A5A7600C1CF227EA000B14EC /* Base */,
			);
			name = Main.storyboard;
			sourceTree = "<group>";
		};
		A5A760101CF227EA000B14EC /* LaunchScreen.storyboard */ = {
			isa = PBXVariantGroup;
			children = (
				A5A760111CF227EA000B14EC /* Base */,
			);
			name = LaunchScreen.storyboard;
			sourceTree = "<group>";
		};
/* End PBXVariantGroup section */

/* Begin XCBuildConfiguration section */
		A5A7602A1CF227EA000B14EC /* Debug */ = {
			isa = XCBuildConfiguration;
			buildSettings = {
				ALWAYS_SEARCH_USER_PATHS = NO;
				CLANG_ANALYZER_NONNULL = YES;
				CLANG_CXX_LANGUAGE_STANDARD = "gnu++0x";
				CLANG_CXX_LIBRARY = "libc++";
				CLANG_ENABLE_MODULES = YES;
				CLANG_ENABLE_OBJC_ARC = YES;
				CLANG_WARN_BOOL_CONVERSION = YES;
				CLANG_WARN_CONSTANT_CONVERSION = YES;
				CLANG_WARN_DIRECT_OBJC_ISA_USAGE = YES_ERROR;
				CLANG_WARN_EMPTY_BODY = YES;
				CLANG_WARN_ENUM_CONVERSION = YES;
				CLANG_WARN_INT_CONVERSION = YES;
				CLANG_WARN_OBJC_ROOT_CLASS = YES_ERROR;
				CLANG_WARN_UNREACHABLE_CODE = YES;
				CLANG_WARN__DUPLICATE_METHOD_MATCH = YES;
				"CODE_SIGN_IDENTITY[sdk=iphoneos*]" = "iPhone Developer";
				COPY_PHASE_STRIP = NO;
				DEBUG_INFORMATION_FORMAT = dwarf;
				ENABLE_STRICT_OBJC_MSGSEND = YES;
				ENABLE_TESTABILITY = YES;
				GCC_C_LANGUAGE_STANDARD = gnu99;
				GCC_DYNAMIC_NO_PIC = NO;
				GCC_NO_COMMON_BLOCKS = YES;
				GCC_OPTIMIZATION_LEVEL = 0;
				GCC_PREPROCESSOR_DEFINITIONS = (
					"DEBUG=1",
					"$(inherited)",
				);
				GCC_WARN_64_TO_32_BIT_CONVERSION = YES;
				GCC_WARN_ABOUT_RETURN_TYPE = YES_ERROR;
				GCC_WARN_UNDECLARED_SELECTOR = YES;
				GCC_WARN_UNINITIALIZED_AUTOS = YES_AGGRESSIVE;
				GCC_WARN_UNUSED_FUNCTION = YES;
				GCC_WARN_UNUSED_VARIABLE = YES;
				IPHONEOS_DEPLOYMENT_TARGET = 9.3;
				MTL_ENABLE_DEBUG_INFO = YES;
				ONLY_ACTIVE_ARCH = YES;
				SDKROOT = iphoneos;
				SWIFT_OPTIMIZATION_LEVEL = "-Onone";
			};
			name = Debug;
		};
		A5A7602B1CF227EA000B14EC /* Release */ = {
			isa = XCBuildConfiguration;
			buildSettings = {
				ALWAYS_SEARCH_USER_PATHS = NO;
				CLANG_ANALYZER_NONNULL = YES;
				CLANG_CXX_LANGUAGE_STANDARD = "gnu++0x";
				CLANG_CXX_LIBRARY = "libc++";
				CLANG_ENABLE_MODULES = YES;
				CLANG_ENABLE_OBJC_ARC = YES;
				CLANG_WARN_BOOL_CONVERSION = YES;
				CLANG_WARN_CONSTANT_CONVERSION = YES;
				CLANG_WARN_DIRECT_OBJC_ISA_USAGE = YES_ERROR;
				CLANG_WARN_EMPTY_BODY = YES;
				CLANG_WARN_ENUM_CONVERSION = YES;
				CLANG_WARN_INT_CONVERSION = YES;
				CLANG_WARN_OBJC_ROOT_CLASS = YES_ERROR;
				CLANG_WARN_UNREACHABLE_CODE = YES;
				CLANG_WARN__DUPLICATE_METHOD_MATCH = YES;
				"CODE_SIGN_IDENTITY[sdk=iphoneos*]" = "iPhone Developer";
				COPY_PHASE_STRIP = NO;
				DEBUG_INFORMATION_FORMAT = "dwarf-with-dsym";
				ENABLE_NS_ASSERTIONS = NO;
				ENABLE_STRICT_OBJC_MSGSEND = YES;
				GCC_C_LANGUAGE_STANDARD = gnu99;
				GCC_NO_COMMON_BLOCKS = YES;
				GCC_WARN_64_TO_32_BIT_CONVERSION = YES;
				GCC_WARN_ABOUT_RETURN_TYPE = YES_ERROR;
				GCC_WARN_UNDECLARED_SELECTOR = YES;
				GCC_WARN_UNINITIALIZED_AUTOS = YES_AGGRESSIVE;
				GCC_WARN_UNUSED_FUNCTION = YES;
				GCC_WARN_UNUSED_VARIABLE = YES;
				IPHONEOS_DEPLOYMENT_TARGET = 9.3;
				MTL_ENABLE_DEBUG_INFO = NO;
				SDKROOT = iphoneos;
				VALIDATE_PRODUCT = YES;
			};
			name = Release;
		};
		A5A7602D1CF227EA000B14EC /* Debug */ = {
			isa = XCBuildConfiguration;
			buildSettings = {
				ASSETCATALOG_COMPILER_APPICON_NAME = AppIcon;
				INFOPLIST_FILE = XPKitDemo/Info.plist;
				IPHONEOS_DEPLOYMENT_TARGET = 8.0;
				LD_RUNPATH_SEARCH_PATHS = "$(inherited) @executable_path/Frameworks";
				PRODUCT_BUNDLE_IDENTIFIER = com.iiseeuu.XPKitDemo;
				PRODUCT_NAME = "$(TARGET_NAME)";
			};
			name = Debug;
		};
		A5A7602E1CF227EA000B14EC /* Release */ = {
			isa = XCBuildConfiguration;
			buildSettings = {
				ASSETCATALOG_COMPILER_APPICON_NAME = AppIcon;
				INFOPLIST_FILE = XPKitDemo/Info.plist;
				IPHONEOS_DEPLOYMENT_TARGET = 8.0;
				LD_RUNPATH_SEARCH_PATHS = "$(inherited) @executable_path/Frameworks";
				PRODUCT_BUNDLE_IDENTIFIER = com.iiseeuu.XPKitDemo;
				PRODUCT_NAME = "$(TARGET_NAME)";
			};
			name = Release;
		};
		A5A760301CF227EA000B14EC /* Debug */ = {
			isa = XCBuildConfiguration;
			buildSettings = {
				BUNDLE_LOADER = "$(TEST_HOST)";
				INFOPLIST_FILE = XPKitDemoTests/Info.plist;
				LD_RUNPATH_SEARCH_PATHS = "$(inherited) @executable_path/Frameworks @loader_path/Frameworks";
				PRODUCT_BUNDLE_IDENTIFIER = com.iiseeuu.XPKitDemoTests;
				PRODUCT_NAME = "$(TARGET_NAME)";
				TEST_HOST = "$(BUILT_PRODUCTS_DIR)/XPKitDemo.app/XPKitDemo";
			};
			name = Debug;
		};
		A5A760311CF227EA000B14EC /* Release */ = {
			isa = XCBuildConfiguration;
			buildSettings = {
				BUNDLE_LOADER = "$(TEST_HOST)";
				INFOPLIST_FILE = XPKitDemoTests/Info.plist;
				LD_RUNPATH_SEARCH_PATHS = "$(inherited) @executable_path/Frameworks @loader_path/Frameworks";
				PRODUCT_BUNDLE_IDENTIFIER = com.iiseeuu.XPKitDemoTests;
				PRODUCT_NAME = "$(TARGET_NAME)";
				TEST_HOST = "$(BUILT_PRODUCTS_DIR)/XPKitDemo.app/XPKitDemo";
			};
			name = Release;
		};
		A5A760331CF227EA000B14EC /* Debug */ = {
			isa = XCBuildConfiguration;
			buildSettings = {
				INFOPLIST_FILE = XPKitDemoUITests/Info.plist;
				LD_RUNPATH_SEARCH_PATHS = "$(inherited) @executable_path/Frameworks @loader_path/Frameworks";
				PRODUCT_BUNDLE_IDENTIFIER = com.iiseeuu.XPKitDemoUITests;
				PRODUCT_NAME = "$(TARGET_NAME)";
				TEST_TARGET_NAME = XPKitDemo;
			};
			name = Debug;
		};
		A5A760341CF227EA000B14EC /* Release */ = {
			isa = XCBuildConfiguration;
			buildSettings = {
				INFOPLIST_FILE = XPKitDemoUITests/Info.plist;
				LD_RUNPATH_SEARCH_PATHS = "$(inherited) @executable_path/Frameworks @loader_path/Frameworks";
				PRODUCT_BUNDLE_IDENTIFIER = com.iiseeuu.XPKitDemoUITests;
				PRODUCT_NAME = "$(TARGET_NAME)";
				TEST_TARGET_NAME = XPKitDemo;
			};
			name = Release;
		};
/* End XCBuildConfiguration section */

/* Begin XCConfigurationList section */
		A5A75FFF1CF227EA000B14EC /* Build configuration list for PBXProject "XPKitDemo" */ = {
			isa = XCConfigurationList;
			buildConfigurations = (
				A5A7602A1CF227EA000B14EC /* Debug */,
				A5A7602B1CF227EA000B14EC /* Release */,
			);
			defaultConfigurationIsVisible = 0;
			defaultConfigurationName = Release;
		};
		A5A7602C1CF227EA000B14EC /* Build configuration list for PBXNativeTarget "XPKitDemo" */ = {
			isa = XCConfigurationList;
			buildConfigurations = (
				A5A7602D1CF227EA000B14EC /* Debug */,
				A5A7602E1CF227EA000B14EC /* Release */,
			);
			defaultConfigurationIsVisible = 0;
			defaultConfigurationName = Release;
		};
		A5A7602F1CF227EA000B14EC /* Build configuration list for PBXNativeTarget "XPKitDemoTests" */ = {
			isa = XCConfigurationList;
			buildConfigurations = (
				A5A760301CF227EA000B14EC /* Debug */,
				A5A760311CF227EA000B14EC /* Release */,
			);
			defaultConfigurationIsVisible = 0;
			defaultConfigurationName = Release;
		};
		A5A760321CF227EA000B14EC /* Build configuration list for PBXNativeTarget "XPKitDemoUITests" */ = {
			isa = XCConfigurationList;
			buildConfigurations = (
				A5A760331CF227EA000B14EC /* Debug */,
				A5A760341CF227EA000B14EC /* Release */,
			);
			defaultConfigurationIsVisible = 0;
			defaultConfigurationName = Release;
		};
/* End XCConfigurationList section */
	};
	rootObject = A5A75FFC1CF227EA000B14EC /* Project object */;
}
